
Microsoft Visual Studio Solution File, Format Version 12.00
# Visual Studio Version 17
VisualStudioVersion = 17.5.002.0
MinimumVisualStudioVersion = 10.0.40219.1
Project("{9A19103F-16F7-4668-BE54-9A1E7A4F7556}") = "ddd", "ddd.csproj", "{AAFB78B1-7AD8-4028-9E60-9440C8DA83B5}"
EndProject
Global
	GlobalSection(SolutionConfigurationPlatforms) = preSolution
		Debug|Any CPU = Debug|Any CPU
		Release|Any CPU = Release|Any CPU
	EndGlobalSection
	GlobalSection(ProjectConfigurationPlatforms) = postSolution
		{AAFB78B1-7AD8-4028-9E60-9440C8DA83B5}.Debug|Any CPU.ActiveCfg = Debug|Any CPU
		{AAFB78B1-7AD8-4028-9E60-9440C8DA83B5}.Debug|Any CPU.Build.0 = Debug|Any CPU
		{AAFB78B1-7AD8-4028-9E60-9440C8DA83B5}.Release|Any CPU.ActiveCfg = Release|Any CPU
		{AAFB78B1-7AD8-4028-9E60-9440C8DA83B5}.Release|Any CPU.Build.0 = Release|Any CPU
	EndGlobalSection
	GlobalSection(SolutionProperties) = preSolution
		HideSolutionNode = FALSE
	EndGlobalSection
	GlobalSection(ExtensibilityGlobals) = postSolution
		SolutionGuid = {91F4D28C-B393-4499-96E3-614A7C9BEF08}
	EndGlobalSection
EndGlobal
